
Microsoft Visual Studio Solution File, Format Version 12.00
# Visual Studio Version 16
VisualStudioVersion = 16.0.31025.194
MinimumVisualStudioVersion = 10.0.40219.1
Project("{FAE04EC0-301F-11D3-BF4B-00C04F79EFBC}") = "FlowerShopBlazor", "FlowerShopBlazor\FlowerShopBlazor.csproj", "{BBB6E7F6-08E7-4F5F-99FA-21B10B6728BD}"
EndProject
Global
	GlobalSection(SolutionConfigurationPlatforms) = preSolution
		Debug|Any CPU = Debug|Any CPU
		Release|Any CPU = Release|Any CPU
	EndGlobalSection
	GlobalSection(ProjectConfigurationPlatforms) = postSolution
		{BBB6E7F6-08E7-4F5F-99FA-21B10B6728BD}.Debug|Any CPU.ActiveCfg = Debug|Any CPU
		{BBB6E7F6-08E7-4F5F-99FA-21B10B6728BD}.Debug|Any CPU.Build.0 = Debug|Any CPU
		{BBB6E7F6-08E7-4F5F-99FA-21B10B6728BD}.Release|Any CPU.ActiveCfg = Release|Any CPU
		{BBB6E7F6-08E7-4F5F-99FA-21B10B6728BD}.Release|Any CPU.Build.0 = Release|Any CPU
	EndGlobalSection
	GlobalSection(SolutionProperties) = preSolution
		HideSolutionNode = FALSE
	EndGlobalSection
	GlobalSection(ExtensibilityGlobals) = postSolution
		SolutionGuid = {9345EECC-0833-428B-BA88-B25220BF30EE}
	EndGlobalSection
EndGlobal
